
Microsoft Visual Studio Solution File, Format Version 12.00
# Visual Studio Version 16
VisualStudioVersion = 16.0.30413.136
MinimumVisualStudioVersion = 10.0.40219.1
Project("{2150E333-8FDC-42A3-9474-1A3956D46DE8}") = "Microservices", "Microservices", "{A5D3C8F4-C182-4E15-807B-468846BCBFF6}"
EndProject
Project("{2150E333-8FDC-42A3-9474-1A3956D46DE8}") = "Infra.Bus", "Infra.Bus", "{14FE13ED-5F8B-4F26-97D8-EABEF560E2EE}"
EndProject
Project("{2150E333-8FDC-42A3-9474-1A3956D46DE8}") = "Infra.ioC", "Infra.ioC", "{A824D0DD-7B4E-4106-AA53-F99B73789D94}"
EndProject
Project("{2150E333-8FDC-42A3-9474-1A3956D46DE8}") = "Persentation", "Persentation", "{D87F148B-E27C-47B6-B8B2-3BB64332866A}"
EndProject
Project("{2150E333-8FDC-42A3-9474-1A3956D46DE8}") = "Domain", "Domain", "{0D892C5D-56E5-4532-9E99-7AA9459707EA}"
EndProject
Project("{9A19103F-16F7-4668-BE54-9A1E7A4F7556}") = "MicroRabbit.Domain.Core", "MicroRabbit.Domain.Core\MicroRabbit.Domain.Core.csproj", "{FA8972C2-C166-47A5-9EA4-4BBA3CADB12A}"
EndProject
Project("{9A19103F-16F7-4668-BE54-9A1E7A4F7556}") = "MicroRabbit.Infra.Bus", "MicroRabbit.Infra.Bus\MicroRabbit.Infra.Bus.csproj", "{C2715DE5-8C59-4A35-8D02-672A55939F66}"
EndProject
Project("{9A19103F-16F7-4668-BE54-9A1E7A4F7556}") = "MicroRabbit.Infra.IoC", "MicroRabbit.Infra.IoC\MicroRabbit.Infra.IoC.csproj", "{6DDA2AFA-3A1D-49F3-A527-C4A9919091D5}"
EndProject
Project("{2150E333-8FDC-42A3-9474-1A3956D46DE8}") = "Banking", "Banking", "{5089B9CD-C4C1-42DF-955A-F219C0B63B61}"
EndProject
Project("{2150E333-8FDC-42A3-9474-1A3956D46DE8}") = "Domain", "Domain", "{4E6F345C-C997-41E9-912D-25DE36CA7057}"
EndProject
Project("{2150E333-8FDC-42A3-9474-1A3956D46DE8}") = "Api", "Api", "{C7EE2F67-E98A-4DC7-A606-CEB78A70A6C1}"
EndProject
Project("{2150E333-8FDC-42A3-9474-1A3956D46DE8}") = "Application", "Application", "{BEBF0E06-F96F-46F2-A1E3-D49FDF2E7FA0}"
EndProject
Project("{2150E333-8FDC-42A3-9474-1A3956D46DE8}") = "Data", "Data", "{60EA0E33-B55D-49E1-AAD6-04F882894CDB}"
EndProject
Project("{9A19103F-16F7-4668-BE54-9A1E7A4F7556}") = "MicroRabbit.Banking.Api", "MicroRabbit.Banking.Api\MicroRabbit.Banking.Api.csproj", "{649AE548-A6B0-4825-A7B0-9FF555B1210F}"
EndProject
Project("{9A19103F-16F7-4668-BE54-9A1E7A4F7556}") = "MicroRabbit.Banking.Application", "MicroRabbit.Banking.Application\MicroRabbit.Banking.Application.csproj", "{D94A222B-C993-4FC5-A0C7-C6B0C796BC02}"
EndProject
Project("{9A19103F-16F7-4668-BE54-9A1E7A4F7556}") = "MiroRabbit.Banking.Data", "MiroRabbit.Banking.Data\MiroRabbit.Banking.Data.csproj", "{B9873D75-F935-4798-98A9-B8EDA9C4A076}"
EndProject
Project("{9A19103F-16F7-4668-BE54-9A1E7A4F7556}") = "MicroRabbit.Banking.Domain", "MicroRabbit.Banking.Domain\MicroRabbit.Banking.Domain.csproj", "{4D6A3844-B461-42EE-B72D-EB3988B76CBC}"
EndProject
Project("{2150E333-8FDC-42A3-9474-1A3956D46DE8}") = "Transfer", "Transfer", "{3B304AC2-ACC1-4759-B668-EBB5F1822C96}"
EndProject
Project("{2150E333-8FDC-42A3-9474-1A3956D46DE8}") = "Api", "Api", "{44C22439-BA9E-4736-A914-1D71E422136E}"
EndProject
Project("{2150E333-8FDC-42A3-9474-1A3956D46DE8}") = "Application", "Application", "{5F392BF8-6FB0-49A3-BFDD-71A628F3AA3F}"
EndProject
Project("{2150E333-8FDC-42A3-9474-1A3956D46DE8}") = "Data", "Data", "{F77D64F8-BED5-49A4-A50E-CA9DCC124954}"
EndProject
Project("{2150E333-8FDC-42A3-9474-1A3956D46DE8}") = "Domain", "Domain", "{746BE3C1-B005-408B-8251-422B75156F2F}"
EndProject
Project("{FAE04EC0-301F-11D3-BF4B-00C04F79EFBC}") = "MicroRabbit.Transfer.Api", "MicroRabbit.Transfer.Api\MicroRabbit.Transfer.Api.csproj", "{690E52BD-12BD-4A32-B031-C40A22B44E73}"
EndProject
Project("{FAE04EC0-301F-11D3-BF4B-00C04F79EFBC}") = "MicroRabbit.Transfer.Application", "MicroRabbit.Transfer.Application\MicroRabbit.Transfer.Application.csproj", "{3F2B9B86-7274-4A06-B76E-E047443F85B9}"
EndProject
Project("{FAE04EC0-301F-11D3-BF4B-00C04F79EFBC}") = "MicroRabbit.Transfer.Data", "MicroRabbit.Transfer.Data\MicroRabbit.Transfer.Data.csproj", "{A08C0383-3991-403F-BEE4-669129C551C0}"
EndProject
Project("{FAE04EC0-301F-11D3-BF4B-00C04F79EFBC}") = "MicroRabbit.Transfer.Domain", "MicroRabbit.Transfer.Domain\MicroRabbit.Transfer.Domain.csproj", "{A3D77C37-3BE2-4B8A-BB62-D1A2972918C5}"
EndProject
Global
	GlobalSection(SolutionConfigurationPlatforms) = preSolution
		Debug|Any CPU = Debug|Any CPU
		Release|Any CPU = Release|Any CPU
	EndGlobalSection
	GlobalSection(ProjectConfigurationPlatforms) = postSolution
		{FA8972C2-C166-47A5-9EA4-4BBA3CADB12A}.Debug|Any CPU.ActiveCfg = Debug|Any CPU
		{FA8972C2-C166-47A5-9EA4-4BBA3CADB12A}.Debug|Any CPU.Build.0 = Debug|Any CPU
		{FA8972C2-C166-47A5-9EA4-4BBA3CADB12A}.Release|Any CPU.ActiveCfg = Release|Any CPU
		{FA8972C2-C166-47A5-9EA4-4BBA3CADB12A}.Release|Any CPU.Build.0 = Release|Any CPU
		{C2715DE5-8C59-4A35-8D02-672A55939F66}.Debug|Any CPU.ActiveCfg = Debug|Any CPU
		{C2715DE5-8C59-4A35-8D02-672A55939F66}.Debug|Any CPU.Build.0 = Debug|Any CPU
		{C2715DE5-8C59-4A35-8D02-672A55939F66}.Release|Any CPU.ActiveCfg = Release|Any CPU
		{C2715DE5-8C59-4A35-8D02-672A55939F66}.Release|Any CPU.Build.0 = Release|Any CPU
		{6DDA2AFA-3A1D-49F3-A527-C4A9919091D5}.Debug|Any CPU.ActiveCfg = Debug|Any CPU
		{6DDA2AFA-3A1D-49F3-A527-C4A9919091D5}.Debug|Any CPU.Build.0 = Debug|Any CPU
		{6DDA2AFA-3A1D-49F3-A527-C4A9919091D5}.Release|Any CPU.ActiveCfg = Release|Any CPU
		{6DDA2AFA-3A1D-49F3-A527-C4A9919091D5}.Release|Any CPU.Build.0 = Release|Any CPU
		{649AE548-A6B0-4825-A7B0-9FF555B1210F}.Debug|Any CPU.ActiveCfg = Debug|Any CPU
		{649AE548-A6B0-4825-A7B0-9FF555B1210F}.Debug|Any CPU.Build.0 = Debug|Any CPU
		{649AE548-A6B0-4825-A7B0-9FF555B1210F}.Release|Any CPU.ActiveCfg = Release|Any CPU
		{649AE548-A6B0-4825-A7B0-9FF555B1210F}.Release|Any CPU.Build.0 = Release|Any CPU
		{D94A222B-C993-4FC5-A0C7-C6B0C796BC02}.Debug|Any CPU.ActiveCfg = Debug|Any CPU
		{D94A222B-C993-4FC5-A0C7-C6B0C796BC02}.Debug|Any CPU.Build.0 = Debug|Any CPU
		{D94A222B-C993-4FC5-A0C7-C6B0C796BC02}.Release|Any CPU.ActiveCfg = Release|Any CPU
		{D94A222B-C993-4FC5-A0C7-C6B0C796BC02}.Release|Any CPU.Build.0 = Release|Any CPU
		{B9873D75-F935-4798-98A9-B8EDA9C4A076}.Debug|Any CPU.ActiveCfg = Debug|Any CPU
		{B9873D75-F935-4798-98A9-B8EDA9C4A076}.Debug|Any CPU.Build.0 = Debug|Any CPU
		{B9873D75-F935-4798-98A9-B8EDA9C4A076}.Release|Any CPU.ActiveCfg = Release|Any CPU
		{B9873D75-F935-4798-98A9-B8EDA9C4A076}.Release|Any CPU.Build.0 = Release|Any CPU
		{4D6A3844-B461-42EE-B72D-EB3988B76CBC}.Debug|Any CPU.ActiveCfg = Debug|Any CPU
		{4D6A3844-B461-42EE-B72D-EB3988B76CBC}.Debug|Any CPU.Build.0 = Debug|Any CPU
		{4D6A3844-B461-42EE-B72D-EB3988B76CBC}.Release|Any CPU.ActiveCfg = Release|Any CPU
		{4D6A3844-B461-42EE-B72D-EB3988B76CBC}.Release|Any CPU.Build.0 = Release|Any CPU
		{690E52BD-12BD-4A32-B031-C40A22B44E73}.Debug|Any CPU.ActiveCfg = Debug|Any CPU
		{690E52BD-12BD-4A32-B031-C40A22B44E73}.Debug|Any CPU.Build.0 = Debug|Any CPU
		{690E52BD-12BD-4A32-B031-C40A22B44E73}.Release|Any CPU.ActiveCfg = Release|Any CPU
		{690E52BD-12BD-4A32-B031-C40A22B44E73}.Release|Any CPU.Build.0 = Release|Any CPU
		{3F2B9B86-7274-4A06-B76E-E047443F85B9}.Debug|Any CPU.ActiveCfg = Debug|Any CPU
		{3F2B9B86-7274-4A06-B76E-E047443F85B9}.Debug|Any CPU.Build.0 = Debug|Any CPU
		{3F2B9B86-7274-4A06-B76E-E047443F85B9}.Release|Any CPU.ActiveCfg = Release|Any CPU
		{3F2B9B86-7274-4A06-B76E-E047443F85B9}.Release|Any CPU.Build.0 = Release|Any CPU
		{A08C0383-3991-403F-BEE4-669129C551C0}.Debug|Any CPU.ActiveCfg = Debug|Any CPU
		{A08C0383-3991-403F-BEE4-669129C551C0}.Debug|Any CPU.Build.0 = Debug|Any CPU
		{A08C0383-3991-403F-BEE4-669129C551C0}.Release|Any CPU.ActiveCfg = Release|Any CPU
		{A08C0383-3991-403F-BEE4-669129C551C0}.Release|Any CPU.Build.0 = Release|Any CPU
		{A3D77C37-3BE2-4B8A-BB62-D1A2972918C5}.Debug|Any CPU.ActiveCfg = Debug|Any CPU
		{A3D77C37-3BE2-4B8A-BB62-D1A2972918C5}.Debug|Any CPU.Build.0 = Debug|Any CPU
		{A3D77C37-3BE2-4B8A-BB62-D1A2972918C5}.Release|Any CPU.ActiveCfg = Release|Any CPU
		{A3D77C37-3BE2-4B8A-BB62-D1A2972918C5}.Release|Any CPU.Build.0 = Release|Any CPU
	EndGlobalSection
	GlobalSection(SolutionProperties) = preSolution
		HideSolutionNode = FALSE
	EndGlobalSection
	GlobalSection(NestedProjects) = preSolution
		{FA8972C2-C166-47A5-9EA4-4BBA3CADB12A} = {0D892C5D-56E5-4532-9E99-7AA9459707EA}
		{C2715DE5-8C59-4A35-8D02-672A55939F66} = {14FE13ED-5F8B-4F26-97D8-EABEF560E2EE}
		{6DDA2AFA-3A1D-49F3-A527-C4A9919091D5} = {A824D0DD-7B4E-4106-AA53-F99B73789D94}
		{5089B9CD-C4C1-42DF-955A-F219C0B63B61} = {A5D3C8F4-C182-4E15-807B-468846BCBFF6}
		{4E6F345C-C997-41E9-912D-25DE36CA7057} = {5089B9CD-C4C1-42DF-955A-F219C0B63B61}
		{C7EE2F67-E98A-4DC7-A606-CEB78A70A6C1} = {5089B9CD-C4C1-42DF-955A-F219C0B63B61}
		{BEBF0E06-F96F-46F2-A1E3-D49FDF2E7FA0} = {5089B9CD-C4C1-42DF-955A-F219C0B63B61}
		{60EA0E33-B55D-49E1-AAD6-04F882894CDB} = {5089B9CD-C4C1-42DF-955A-F219C0B63B61}
		{649AE548-A6B0-4825-A7B0-9FF555B1210F} = {C7EE2F67-E98A-4DC7-A606-CEB78A70A6C1}
		{D94A222B-C993-4FC5-A0C7-C6B0C796BC02} = {BEBF0E06-F96F-46F2-A1E3-D49FDF2E7FA0}
		{B9873D75-F935-4798-98A9-B8EDA9C4A076} = {60EA0E33-B55D-49E1-AAD6-04F882894CDB}
		{4D6A3844-B461-42EE-B72D-EB3988B76CBC} = {4E6F345C-C997-41E9-912D-25DE36CA7057}
		{3B304AC2-ACC1-4759-B668-EBB5F1822C96} = {A5D3C8F4-C182-4E15-807B-468846BCBFF6}
		{44C22439-BA9E-4736-A914-1D71E422136E} = {3B304AC2-ACC1-4759-B668-EBB5F1822C96}
		{5F392BF8-6FB0-49A3-BFDD-71A628F3AA3F} = {3B304AC2-ACC1-4759-B668-EBB5F1822C96}
		{F77D64F8-BED5-49A4-A50E-CA9DCC124954} = {3B304AC2-ACC1-4759-B668-EBB5F1822C96}
		{746BE3C1-B005-408B-8251-422B75156F2F} = {3B304AC2-ACC1-4759-B668-EBB5F1822C96}
		{690E52BD-12BD-4A32-B031-C40A22B44E73} = {44C22439-BA9E-4736-A914-1D71E422136E}
		{3F2B9B86-7274-4A06-B76E-E047443F85B9} = {5F392BF8-6FB0-49A3-BFDD-71A628F3AA3F}
		{A08C0383-3991-403F-BEE4-669129C551C0} = {F77D64F8-BED5-49A4-A50E-CA9DCC124954}
		{A3D77C37-3BE2-4B8A-BB62-D1A2972918C5} = {746BE3C1-B005-408B-8251-422B75156F2F}
	EndGlobalSection
	GlobalSection(ExtensibilityGlobals) = postSolution
		SolutionGuid = {4B3BCF62-407E-4BB3-9972-EA4EEDB49801}
	EndGlobalSection
EndGlobal
