
Microsoft Visual Studio Solution File, Format Version 12.00
# Visual Studio Version 16
VisualStudioVersion = 16.0.30413.136
MinimumVisualStudioVersion = 10.0.40219.1
Project("{2150E333-8FDC-42A3-9474-1A3956D46DE8}") = "Microservices", "Microservices", "{A5D3C8F4-C182-4E15-807B-468846BCBFF6}"
EndProject
Project("{2150E333-8FDC-42A3-9474-1A3956D46DE8}") = "Infra.Bus", "Infra.Bus", "{14FE13ED-5F8B-4F26-97D8-EABEF560E2EE}"
EndProject
Project("{2150E333-8FDC-42A3-9474-1A3956D46DE8}") = "Infra.ioC", "Infra.ioC", "{A824D0DD-7B4E-4106-AA53-F99B73789D94}"
EndProject
Project("{2150E333-8FDC-42A3-9474-1A3956D46DE8}") = "Persentation", "Persentation", "{D87F148B-E27C-47B6-B8B2-3BB64332866A}"
EndProject
Project("{2150E333-8FDC-42A3-9474-1A3956D46DE8}") = "Domain", "Domain", "{0D892C5D-56E5-4532-9E99-7AA9459707EA}"
EndProject
Project("{FAE04EC0-301F-11D3-BF4B-00C04F79EFBC}") = "MicroRabbit.Domain.Core", "MicroRabbit.Domain.Core\MicroRabbit.Domain.Core.csproj", "{FA8972C2-C166-47A5-9EA4-4BBA3CADB12A}"
EndProject
Project("{FAE04EC0-301F-11D3-BF4B-00C04F79EFBC}") = "MicroRabbit.Infra.Bus", "MicroRabbit.Infra.Bus\MicroRabbit.Infra.Bus.csproj", "{C2715DE5-8C59-4A35-8D02-672A55939F66}"
EndProject
Global
	GlobalSection(SolutionConfigurationPlatforms) = preSolution
		Debug|Any CPU = Debug|Any CPU
		Release|Any CPU = Release|Any CPU
	EndGlobalSection
	GlobalSection(ProjectConfigurationPlatforms) = postSolution
		{FA8972C2-C166-47A5-9EA4-4BBA3CADB12A}.Debug|Any CPU.ActiveCfg = Debug|Any CPU
		{FA8972C2-C166-47A5-9EA4-4BBA3CADB12A}.Debug|Any CPU.Build.0 = Debug|Any CPU
		{FA8972C2-C166-47A5-9EA4-4BBA3CADB12A}.Release|Any CPU.ActiveCfg = Release|Any CPU
		{FA8972C2-C166-47A5-9EA4-4BBA3CADB12A}.Release|Any CPU.Build.0 = Release|Any CPU
		{C2715DE5-8C59-4A35-8D02-672A55939F66}.Debug|Any CPU.ActiveCfg = Debug|Any CPU
		{C2715DE5-8C59-4A35-8D02-672A55939F66}.Debug|Any CPU.Build.0 = Debug|Any CPU
		{C2715DE5-8C59-4A35-8D02-672A55939F66}.Release|Any CPU.ActiveCfg = Release|Any CPU
		{C2715DE5-8C59-4A35-8D02-672A55939F66}.Release|Any CPU.Build.0 = Release|Any CPU
	EndGlobalSection
	GlobalSection(SolutionProperties) = preSolution
		HideSolutionNode = FALSE
	EndGlobalSection
	GlobalSection(NestedProjects) = preSolution
		{FA8972C2-C166-47A5-9EA4-4BBA3CADB12A} = {0D892C5D-56E5-4532-9E99-7AA9459707EA}
		{C2715DE5-8C59-4A35-8D02-672A55939F66} = {14FE13ED-5F8B-4F26-97D8-EABEF560E2EE}
	EndGlobalSection
	GlobalSection(ExtensibilityGlobals) = postSolution
		SolutionGuid = {4B3BCF62-407E-4BB3-9972-EA4EEDB49801}
	EndGlobalSection
EndGlobal
